// !$*UTF8*$!
{
	archiveVersion = 1;
	classes = {
	};
	objectVersion = 46;
	objects = {

/* Begin PBXBuildFile section */
		D42446051EAFC2BF00D80D60 /* AppDelegate.swift in Sources */ = {isa = PBXBuildFile; fileRef = D42446041EAFC2BF00D80D60 /* AppDelegate.swift */; };
		D42446071EAFC2BF00D80D60 /* ViewController.swift in Sources */ = {isa = PBXBuildFile; fileRef = D42446061EAFC2BF00D80D60 /* ViewController.swift */; };
		D424460A1EAFC2BF00D80D60 /* Main.storyboard in Resources */ = {isa = PBXBuildFile; fileRef = D42446081EAFC2BF00D80D60 /* Main.storyboard */; };
		D424460C1EAFC2BF00D80D60 /* Assets.xcassets in Resources */ = {isa = PBXBuildFile; fileRef = D424460B1EAFC2BF00D80D60 /* Assets.xcassets */; };
		D424460F1EAFC2BF00D80D60 /* LaunchScreen.storyboard in Resources */ = {isa = PBXBuildFile; fileRef = D424460D1EAFC2BF00D80D60 /* LaunchScreen.storyboard */; };
/* End PBXBuildFile section */

/* Begin PBXFileReference section */
		D42446011EAFC2BF00D80D60 /* YellowDog.app */ = {isa = PBXFileReference; explicitFileType = wrapper.application; includeInIndex = 0; path = YellowDog.app; sourceTree = BUILT_PRODUCTS_DIR; };
		D42446041EAFC2BF00D80D60 /* AppDelegate.swift */ = {isa = PBXFileReference; lastKnownFileType = sourcecode.swift; path = AppDelegate.swift; sourceTree = "<group>"; };
		D42446061EAFC2BF00D80D60 /* ViewController.swift */ = {isa = PBXFileReference; lastKnownFileType = sourcecode.swift; path = ViewController.swift; sourceTree = "<group>"; };
		D42446091EAFC2BF00D80D60 /* Base */ = {isa = PBXFileReference; lastKnownFileType = file.storyboard; name = Base; path = Base.lproj/Main.storyboard; sourceTree = "<group>"; };
		D424460B1EAFC2BF00D80D60 /* Assets.xcassets */ = {isa = PBXFileReference; lastKnownFileType = folder.assetcatalog; path = Assets.xcassets; sourceTree = "<group>"; };
		D424460E1EAFC2BF00D80D60 /* Base */ = {isa = PBXFileReference; lastKnownFileType = file.storyboard; name = Base; path = Base.lproj/LaunchScreen.storyboard; sourceTree = "<group>"; };
		D42446101EAFC2BF00D80D60 /* Info.plist */ = {isa = PBXFileReference; lastKnownFileType = text.plist.xml; path = Info.plist; sourceTree = "<group>"; };
/* End PBXFileReference section */

/* Begin PBXFrameworksBuildPhase section */
		D42445FE1EAFC2BF00D80D60 /* Frameworks */ = {
			isa = PBXFrameworksBuildPhase;
			buildActionMask = 2147483647;
			files = (
			);
			runOnlyForDeploymentPostprocessing = 0;
		};
/* End PBXFrameworksBuildPhase section */

/* Begin PBXGroup section */
		D42445F81EAFC2BF00D80D60 = {
			isa = PBXGroup;
			children = (
				D42446031EAFC2BF00D80D60 /* YellowDog */,
				D42446021EAFC2BF00D80D60 /* Products */,
			);
			sourceTree = "<group>";
		};
		D42446021EAFC2BF00D80D60 /* Products */ = {
			isa = PBXGroup;
			children = (
				D42446011EAFC2BF00D80D60 /* YellowDog.app */,
			);
			name = Products;
			sourceTree = "<group>";
		};
		D42446031EAFC2BF00D80D60 /* YellowDog */ = {
			isa = PBXGroup;
			children = (
				D42446041EAFC2BF00D80D60 /* AppDelegate.swift */,
				D42446061EAFC2BF00D80D60 /* ViewController.swift */,
				D42446081EAFC2BF00D80D60 /* Main.storyboard */,
				D424460B1EAFC2BF00D80D60 /* Assets.xcassets */,
				D424460D1EAFC2BF00D80D60 /* LaunchScreen.storyboard */,
				D42446101EAFC2BF00D80D60 /* Info.plist */,
			);
			path = YellowDog;
			sourceTree = "<group>";
		};
/* End PBXGroup section */

/* Begin PBXNativeTarget section */
		D42446001EAFC2BF00D80D60 /* YellowDog */ = {
			isa = PBXNativeTarget;
			buildConfigurationList = D42446131EAFC2BF00D80D60 /* Build configuration list for PBXNativeTarget "YellowDog" */;
			buildPhases = (
				D42445FD1EAFC2BF00D80D60 /* Sources */,
				D42445FE1EAFC2BF00D80D60 /* Frameworks */,
				D42445FF1EAFC2BF00D80D60 /* Resources */,
			);
			buildRules = (
			);
			dependencies = (
			);
			name = YellowDog;
			productName = YellowDog;
			productReference = D42446011EAFC2BF00D80D60 /* YellowDog.app */;
			productType = "com.apple.product-type.application";
		};
/* End PBXNativeTarget section */

/* Begin PBXProject section */
		D42445F91EAFC2BF00D80D60 /* Project object */ = {
			isa = PBXProject;
			attributes = {
				LastSwiftUpdateCheck = 0830;
				LastUpgradeCheck = 0830;
				ORGANIZATIONNAME = "Developer Warriors";
				TargetAttributes = {
					D42446001EAFC2BF00D80D60 = {
						CreatedOnToolsVersion = 8.3.1;
						DevelopmentTeam = M5PT8574CS;
						ProvisioningStyle = Automatic;
					};
				};
			};
			buildConfigurationList = D42445FC1EAFC2BF00D80D60 /* Build configuration list for PBXProject "YellowDog" */;
			compatibilityVersion = "Xcode 3.2";
			developmentRegion = English;
			hasScannedForEncodings = 0;
			knownRegions = (
				en,
				Base,
			);
			mainGroup = D42445F81EAFC2BF00D80D60;
			productRefGroup = D42446021EAFC2BF00D80D60 /* Products */;
			projectDirPath = "";
			projectRoot = "";
			targets = (
				D42446001EAFC2BF00D80D60 /* YellowDog */,
			);
		};
/* End PBXProject section */

/* Begin PBXResourcesBuildPhase section */
		D42445FF1EAFC2BF00D80D60 /* Resources */ = {
			isa = PBXResourcesBuildPhase;
			buildActionMask = 2147483647;
			files = (
				D424460F1EAFC2BF00D80D60 /* LaunchScreen.storyboard in Resources */,
				D424460C1EAFC2BF00D80D60 /* Assets.xcassets in Resources */,
				D424460A1EAFC2BF00D80D60 /* Main.storyboard in Resources */,
			);
			runOnlyForDeploymentPostprocessing = 0;
		};
/* End PBXResourcesBuildPhase section */

/* Begin PBXSourcesBuildPhase section */
		D42445FD1EAFC2BF00D80D60 /* Sources */ = {
			isa = PBXSourcesBuildPhase;
			buildActionMask = 2147483647;
			files = (
				D42446071EAFC2BF00D80D60 /* ViewController.swift in Sources */,
				D42446051EAFC2BF00D80D60 /* AppDelegate.swift in Sources */,
			);
			runOnlyForDeploymentPostprocessing = 0;
		};
/* End PBXSourcesBuildPhase section */

/* Begin PBXVariantGroup section */
		D42446081EAFC2BF00D80D60 /* Main.storyboard */ = {
			isa = PBXVariantGroup;
			children = (
				D42446091EAFC2BF00D80D60 /* Base */,
			);
			name = Main.storyboard;
			sourceTree = "<group>";
		};
		D424460D1EAFC2BF00D80D60 /* LaunchScreen.storyboard */ = {
			isa = PBXVariantGroup;
			children = (
				D424460E1EAFC2BF00D80D60 /* Base */,
			);
			name = LaunchScreen.storyboard;
			sourceTree = "<group>";
		};
/* End PBXVariantGroup section */

/* Begin XCBuildConfiguration section */
		D42446111EAFC2BF00D80D60 /* Debug */ = {
			isa = XCBuildConfiguration;
			buildSettings = {
				ALWAYS_SEARCH_USER_PATHS = NO;
				CLANG_ANALYZER_NONNULL = YES;
				CLANG_ANALYZER_NUMBER_OBJECT_CONVERSION = YES_AGGRESSIVE;
				CLANG_CXX_LANGUAGE_STANDARD = "gnu++0x";
				CLANG_CXX_LIBRARY = "libc++";
				CLANG_ENABLE_MODULES = YES;
				CLANG_ENABLE_OBJC_ARC = YES;
				CLANG_WARN_BOOL_CONVERSION = YES;
				CLANG_WARN_CONSTANT_CONVERSION = YES;
				CLANG_WARN_DIRECT_OBJC_ISA_USAGE = YES_ERROR;
				CLANG_WARN_DOCUMENTATION_COMMENTS = YES;
				CLANG_WARN_EMPTY_BODY = YES;
				CLANG_WARN_ENUM_CONVERSION = YES;
				CLANG_WARN_INFINITE_RECURSION = YES;
				CLANG_WARN_INT_CONVERSION = YES;
				CLANG_WARN_OBJC_ROOT_CLASS = YES_ERROR;
				CLANG_WARN_SUSPICIOUS_MOVE = YES;
				CLANG_WARN_UNREACHABLE_CODE = YES;
				CLANG_WARN__DUPLICATE_METHOD_MATCH = YES;
				"CODE_SIGN_IDENTITY[sdk=iphoneos*]" = "iPhone Developer";
				COPY_PHASE_STRIP = NO;
				DEBUG_INFORMATION_FORMAT = dwarf;
				ENABLE_STRICT_OBJC_MSGSEND = YES;
				ENABLE_TESTABILITY = YES;
				GCC_C_LANGUAGE_STANDARD = gnu99;
				GCC_DYNAMIC_NO_PIC = NO;
				GCC_NO_COMMON_BLOCKS = YES;
				GCC_OPTIMIZATION_LEVEL = 0;
				GCC_PREPROCESSOR_DEFINITIONS = (
					"DEBUG=1",
					"$(inherited)",
				);
				GCC_WARN_64_TO_32_BIT_CONVERSION = YES;
				GCC_WARN_ABOUT_RETURN_TYPE = YES_ERROR;
				GCC_WARN_UNDECLARED_SELECTOR = YES;
				GCC_WARN_UNINITIALIZED_AUTOS = YES_AGGRESSIVE;
				GCC_WARN_UNUSED_FUNCTION = YES;
				GCC_WARN_UNUSED_VARIABLE = YES;
				IPHONEOS_DEPLOYMENT_TARGET = 10.3;
				MTL_ENABLE_DEBUG_INFO = YES;
				ONLY_ACTIVE_ARCH = YES;
				SDKROOT = iphoneos;
				SWIFT_ACTIVE_COMPILATION_CONDITIONS = DEBUG;
				SWIFT_OPTIMIZATION_LEVEL = "-Onone";
				TARGETED_DEVICE_FAMILY = "1,2";
			};
			name = Debug;
		};
		D42446121EAFC2BF00D80D60 /* Release */ = {
			isa = XCBuildConfiguration;
			buildSettings = {
				ALWAYS_SEARCH_USER_PATHS = NO;
				CLANG_ANALYZER_NONNULL = YES;
				CLANG_ANALYZER_NUMBER_OBJECT_CONVERSION = YES_AGGRESSIVE;
				CLANG_CXX_LANGUAGE_STANDARD = "gnu++0x";
				CLANG_CXX_LIBRARY = "libc++";
				CLANG_ENABLE_MODULES = YES;
				CLANG_ENABLE_OBJC_ARC = YES;
				CLANG_WARN_BOOL_CONVERSION = YES;
				CLANG_WARN_CONSTANT_CONVERSION = YES;
				CLANG_WARN_DIRECT_OBJC_ISA_USAGE = YES_ERROR;
				CLANG_WARN_DOCUMENTATION_COMMENTS = YES;
				CLANG_WARN_EMPTY_BODY = YES;
				CLANG_WARN_ENUM_CONVERSION = YES;
				CLANG_WARN_INFINITE_RECURSION = YES;
				CLANG_WARN_INT_CONVERSION = YES;
				CLANG_WARN_OBJC_ROOT_CLASS = YES_ERROR;
				CLANG_WARN_SUSPICIOUS_MOVE = YES;
				CLANG_WARN_UNREACHABLE_CODE = YES;
				CLANG_WARN__DUPLICATE_METHOD_MATCH = YES;
				"CODE_SIGN_IDENTITY[sdk=iphoneos*]" = "iPhone Developer";
				COPY_PHASE_STRIP = NO;
				DEBUG_INFORMATION_FORMAT = "dwarf-with-dsym";
				ENABLE_NS_ASSERTIONS = NO;
				ENABLE_STRICT_OBJC_MSGSEND = YES;
				GCC_C_LANGUAGE_STANDARD = gnu99;
				GCC_NO_COMMON_BLOCKS = YES;
				GCC_WARN_64_TO_32_BIT_CONVERSION = YES;
				GCC_WARN_ABOUT_RETURN_TYPE = YES_ERROR;
				GCC_WARN_UNDECLARED_SELECTOR = YES;
				GCC_WARN_UNINITIALIZED_AUTOS = YES_AGGRESSIVE;
				GCC_WARN_UNUSED_FUNCTION = YES;
				GCC_WARN_UNUSED_VARIABLE = YES;
				IPHONEOS_DEPLOYMENT_TARGET = 10.3;
				MTL_ENABLE_DEBUG_INFO = NO;
				SDKROOT = iphoneos;
				SWIFT_OPTIMIZATION_LEVEL = "-Owholemodule";
				TARGETED_DEVICE_FAMILY = "1,2";
				VALIDATE_PRODUCT = YES;
			};
			name = Release;
		};
		D42446141EAFC2BF00D80D60 /* Debug */ = {
			isa = XCBuildConfiguration;
			buildSettings = {
				ASSETCATALOG_COMPILER_APPICON_NAME = AppIcon;
				DEVELOPMENT_TEAM = M5PT8574CS;
				INFOPLIST_FILE = YellowDog/Info.plist;
				LD_RUNPATH_SEARCH_PATHS = "$(inherited) @executable_path/Frameworks";
				PRODUCT_BUNDLE_IDENTIFIER = com.developerwarriors.YellowDog;
				PRODUCT_NAME = "$(TARGET_NAME)";
				SWIFT_VERSION = 3.0;
			};
			name = Debug;
		};
		D42446151EAFC2BF00D80D60 /* Release */ = {
			isa = XCBuildConfiguration;
			buildSettings = {
				ASSETCATALOG_COMPILER_APPICON_NAME = AppIcon;
				DEVELOPMENT_TEAM = M5PT8574CS;
				INFOPLIST_FILE = YellowDog/Info.plist;
				LD_RUNPATH_SEARCH_PATHS = "$(inherited) @executable_path/Frameworks";
				PRODUCT_BUNDLE_IDENTIFIER = com.developerwarriors.YellowDog;
				PRODUCT_NAME = "$(TARGET_NAME)";
				SWIFT_VERSION = 3.0;
			};
			name = Release;
		};
/* End XCBuildConfiguration section */

/* Begin XCConfigurationList section */
		D42445FC1EAFC2BF00D80D60 /* Build configuration list for PBXProject "YellowDog" */ = {
			isa = XCConfigurationList;
			buildConfigurations = (
				D42446111EAFC2BF00D80D60 /* Debug */,
				D42446121EAFC2BF00D80D60 /* Release */,
			);
			defaultConfigurationIsVisible = 0;
			defaultConfigurationName = Release;
		};
		D42446131EAFC2BF00D80D60 /* Build configuration list for PBXNativeTarget "YellowDog" */ = {
			isa = XCConfigurationList;
			buildConfigurations = (
				D42446141EAFC2BF00D80D60 /* Debug */,
				D42446151EAFC2BF00D80D60 /* Release */,
			);
			defaultConfigurationIsVisible = 0;
		};
/* End XCConfigurationList section */
	};
	rootObject = D42445F91EAFC2BF00D80D60 /* Project object */;
}
